
Microsoft Visual Studio Solution File, Format Version 12.00
# Visual Studio Version 16
VisualStudioVersion = 16.0.31624.102
MinimumVisualStudioVersion = 10.0.40219.1
Project("{8BC9CEB8-8B4A-11D0-8D11-00A0C91BC942}") = "Alter", "Alter\Alter.vcxproj", "{83630AB0-C64E-400B-91D2-38BCFE686E18}"
EndProject
Project("{8BC9CEB8-8B4A-11D0-8D11-00A0C91BC942}") = "Durchschnitt", "Durchschnitt\Durchschnitt.vcxproj", "{2F09484B-3335-4AF7-B22D-D4D25B1E39AD}"
EndProject
Project("{8BC9CEB8-8B4A-11D0-8D11-00A0C91BC942}") = "Bankautomat", "Bankautomat\Bankautomat.vcxproj", "{74107A41-2E0C-4414-8015-0A9AB9CDB221}"
EndProject
Project("{8BC9CEB8-8B4A-11D0-8D11-00A0C91BC942}") = "Hangman", "Hangman\Hangman.vcxproj", "{EEC642D4-059E-4735-A010-D9059E0934E5}"
EndProject
Project("{8BC9CEB8-8B4A-11D0-8D11-00A0C91BC942}") = "PyramidenHaelfte", "PyramidenHaelfte\PyramidenHaelfte.vcxproj", "{AC81F713-3BC2-4C88-9BF4-10EE4E4C00BF}"
EndProject
Project("{8BC9CEB8-8B4A-11D0-8D11-00A0C91BC942}") = "Sortieren", "Sortieren\Sortieren.vcxproj", "{FBCEE067-D0B1-4689-9496-73AB5FFEC482}"
EndProject
Project("{8BC9CEB8-8B4A-11D0-8D11-00A0C91BC942}") = "Tannenbaum", "Tannenbaum\Tannenbaum.vcxproj", "{01A6B64A-6878-41A3-9CA8-6F9B6091B9DF}"
EndProject
Global
	GlobalSection(SolutionConfigurationPlatforms) = preSolution
		Debug|x64 = Debug|x64
		Debug|x86 = Debug|x86
		Release|x64 = Release|x64
		Release|x86 = Release|x86
	EndGlobalSection
	GlobalSection(ProjectConfigurationPlatforms) = postSolution
		{83630AB0-C64E-400B-91D2-38BCFE686E18}.Debug|x64.ActiveCfg = Debug|x64
		{83630AB0-C64E-400B-91D2-38BCFE686E18}.Debug|x64.Build.0 = Debug|x64
		{83630AB0-C64E-400B-91D2-38BCFE686E18}.Debug|x86.ActiveCfg = Debug|Win32
		{83630AB0-C64E-400B-91D2-38BCFE686E18}.Debug|x86.Build.0 = Debug|Win32
		{83630AB0-C64E-400B-91D2-38BCFE686E18}.Release|x64.ActiveCfg = Release|x64
		{83630AB0-C64E-400B-91D2-38BCFE686E18}.Release|x64.Build.0 = Release|x64
		{83630AB0-C64E-400B-91D2-38BCFE686E18}.Release|x86.ActiveCfg = Release|Win32
		{83630AB0-C64E-400B-91D2-38BCFE686E18}.Release|x86.Build.0 = Release|Win32
		{2F09484B-3335-4AF7-B22D-D4D25B1E39AD}.Debug|x64.ActiveCfg = Debug|x64
		{2F09484B-3335-4AF7-B22D-D4D25B1E39AD}.Debug|x64.Build.0 = Debug|x64
		{2F09484B-3335-4AF7-B22D-D4D25B1E39AD}.Debug|x86.ActiveCfg = Debug|Win32
		{2F09484B-3335-4AF7-B22D-D4D25B1E39AD}.Debug|x86.Build.0 = Debug|Win32
		{2F09484B-3335-4AF7-B22D-D4D25B1E39AD}.Release|x64.ActiveCfg = Release|x64
		{2F09484B-3335-4AF7-B22D-D4D25B1E39AD}.Release|x64.Build.0 = Release|x64
		{2F09484B-3335-4AF7-B22D-D4D25B1E39AD}.Release|x86.ActiveCfg = Release|Win32
		{2F09484B-3335-4AF7-B22D-D4D25B1E39AD}.Release|x86.Build.0 = Release|Win32
		{74107A41-2E0C-4414-8015-0A9AB9CDB221}.Debug|x64.ActiveCfg = Debug|x64
		{74107A41-2E0C-4414-8015-0A9AB9CDB221}.Debug|x64.Build.0 = Debug|x64
		{74107A41-2E0C-4414-8015-0A9AB9CDB221}.Debug|x86.ActiveCfg = Debug|Win32
		{74107A41-2E0C-4414-8015-0A9AB9CDB221}.Debug|x86.Build.0 = Debug|Win32
		{74107A41-2E0C-4414-8015-0A9AB9CDB221}.Release|x64.ActiveCfg = Release|x64
		{74107A41-2E0C-4414-8015-0A9AB9CDB221}.Release|x64.Build.0 = Release|x64
		{74107A41-2E0C-4414-8015-0A9AB9CDB221}.Release|x86.ActiveCfg = Release|Win32
		{74107A41-2E0C-4414-8015-0A9AB9CDB221}.Release|x86.Build.0 = Release|Win32
		{EEC642D4-059E-4735-A010-D9059E0934E5}.Debug|x64.ActiveCfg = Debug|x64
		{EEC642D4-059E-4735-A010-D9059E0934E5}.Debug|x64.Build.0 = Debug|x64
		{EEC642D4-059E-4735-A010-D9059E0934E5}.Debug|x86.ActiveCfg = Debug|Win32
		{EEC642D4-059E-4735-A010-D9059E0934E5}.Debug|x86.Build.0 = Debug|Win32
		{EEC642D4-059E-4735-A010-D9059E0934E5}.Release|x64.ActiveCfg = Release|x64
		{EEC642D4-059E-4735-A010-D9059E0934E5}.Release|x64.Build.0 = Release|x64
		{EEC642D4-059E-4735-A010-D9059E0934E5}.Release|x86.ActiveCfg = Release|Win32
		{EEC642D4-059E-4735-A010-D9059E0934E5}.Release|x86.Build.0 = Release|Win32
		{AC81F713-3BC2-4C88-9BF4-10EE4E4C00BF}.Debug|x64.ActiveCfg = Debug|x64
		{AC81F713-3BC2-4C88-9BF4-10EE4E4C00BF}.Debug|x64.Build.0 = Debug|x64
		{AC81F713-3BC2-4C88-9BF4-10EE4E4C00BF}.Debug|x86.ActiveCfg = Debug|Win32
		{AC81F713-3BC2-4C88-9BF4-10EE4E4C00BF}.Debug|x86.Build.0 = Debug|Win32
		{AC81F713-3BC2-4C88-9BF4-10EE4E4C00BF}.Release|x64.ActiveCfg = Release|x64
		{AC81F713-3BC2-4C88-9BF4-10EE4E4C00BF}.Release|x64.Build.0 = Release|x64
		{AC81F713-3BC2-4C88-9BF4-10EE4E4C00BF}.Release|x86.ActiveCfg = Release|Win32
		{AC81F713-3BC2-4C88-9BF4-10EE4E4C00BF}.Release|x86.Build.0 = Release|Win32
		{FBCEE067-D0B1-4689-9496-73AB5FFEC482}.Debug|x64.ActiveCfg = Debug|x64
		{FBCEE067-D0B1-4689-9496-73AB5FFEC482}.Debug|x64.Build.0 = Debug|x64
		{FBCEE067-D0B1-4689-9496-73AB5FFEC482}.Debug|x86.ActiveCfg = Debug|Win32
		{FBCEE067-D0B1-4689-9496-73AB5FFEC482}.Debug|x86.Build.0 = Debug|Win32
		{FBCEE067-D0B1-4689-9496-73AB5FFEC482}.Release|x64.ActiveCfg = Release|x64
		{FBCEE067-D0B1-4689-9496-73AB5FFEC482}.Release|x64.Build.0 = Release|x64
		{FBCEE067-D0B1-4689-9496-73AB5FFEC482}.Release|x86.ActiveCfg = Release|Win32
		{FBCEE067-D0B1-4689-9496-73AB5FFEC482}.Release|x86.Build.0 = Release|Win32
		{01A6B64A-6878-41A3-9CA8-6F9B6091B9DF}.Debug|x64.ActiveCfg = Debug|x64
		{01A6B64A-6878-41A3-9CA8-6F9B6091B9DF}.Debug|x64.Build.0 = Debug|x64
		{01A6B64A-6878-41A3-9CA8-6F9B6091B9DF}.Debug|x86.ActiveCfg = Debug|Win32
		{01A6B64A-6878-41A3-9CA8-6F9B6091B9DF}.Debug|x86.Build.0 = Debug|Win32
		{01A6B64A-6878-41A3-9CA8-6F9B6091B9DF}.Release|x64.ActiveCfg = Release|x64
		{01A6B64A-6878-41A3-9CA8-6F9B6091B9DF}.Release|x64.Build.0 = Release|x64
		{01A6B64A-6878-41A3-9CA8-6F9B6091B9DF}.Release|x86.ActiveCfg = Release|Win32
		{01A6B64A-6878-41A3-9CA8-6F9B6091B9DF}.Release|x86.Build.0 = Release|Win32
	EndGlobalSection
	GlobalSection(SolutionProperties) = preSolution
		HideSolutionNode = FALSE
	EndGlobalSection
	GlobalSection(ExtensibilityGlobals) = postSolution
		SolutionGuid = {432B8520-B71F-4310-BD0E-39377D515A65}
	EndGlobalSection
EndGlobal
